
Microsoft Visual Studio Solution File, Format Version 12.00
Project("{FAE04EC0-301F-11D3-BF4B-00C04F79EFBC}") = "MMS.News.DAL", "MMS.News.DAL\MMS.News.DAL.csproj", "{8057B19A-D918-47E2-B7F7-EDBA65156895}"
EndProject
Global
	GlobalSection(SolutionConfigurationPlatforms) = preSolution
		Debug|Any CPU = Debug|Any CPU
		Release|Any CPU = Release|Any CPU
	EndGlobalSection
	GlobalSection(ProjectConfigurationPlatforms) = postSolution
		{8057B19A-D918-47E2-B7F7-EDBA65156895}.Debug|Any CPU.ActiveCfg = Debug|Any CPU
		{8057B19A-D918-47E2-B7F7-EDBA65156895}.Debug|Any CPU.Build.0 = Debug|Any CPU
		{8057B19A-D918-47E2-B7F7-EDBA65156895}.Release|Any CPU.ActiveCfg = Release|Any CPU
		{8057B19A-D918-47E2-B7F7-EDBA65156895}.Release|Any CPU.Build.0 = Release|Any CPU
	EndGlobalSection
EndGlobal
